
Microsoft Visual Studio Solution File, Format Version 12.00
# Visual Studio Version 16
VisualStudioVersion = 16.0.29123.88
MinimumVisualStudioVersion = 10.0.40219.1
Project("{FAE04EC0-301F-11D3-BF4B-00C04F79EFBC}") = "WpfTaskProject", "WpfTaskProject.csproj", "{B8527D43-5611-487A-8B3A-8A4894892170}"
EndProject
Global
	GlobalSection(SolutionConfigurationPlatforms) = preSolution
		Debug|Any CPU = Debug|Any CPU
		Release|Any CPU = Release|Any CPU
	EndGlobalSection
	GlobalSection(ProjectConfigurationPlatforms) = postSolution
		{B8527D43-5611-487A-8B3A-8A4894892170}.Debug|Any CPU.ActiveCfg = Debug|Any CPU
		{B8527D43-5611-487A-8B3A-8A4894892170}.Debug|Any CPU.Build.0 = Debug|Any CPU
		{B8527D43-5611-487A-8B3A-8A4894892170}.Release|Any CPU.ActiveCfg = Release|Any CPU
		{B8527D43-5611-487A-8B3A-8A4894892170}.Release|Any CPU.Build.0 = Release|Any CPU
	EndGlobalSection
	GlobalSection(SolutionProperties) = preSolution
		HideSolutionNode = FALSE
	EndGlobalSection
	GlobalSection(ExtensibilityGlobals) = postSolution
		SolutionGuid = {7D4ECDF9-9D14-4AA0-9062-0A54F7CC2488}
	EndGlobalSection
EndGlobal
